
Microsoft Visual Studio Solution File, Format Version 12.00
# Visual Studio Version 16
VisualStudioVersion = 16.0.30225.117
MinimumVisualStudioVersion = 10.0.40219.1
Project("{FAE04EC0-301F-11D3-BF4B-00C04F79EFBC}") = "Gittest", "Gittest\Gittest.csproj", "{CC60B91A-A67D-4B10-966D-0ED9BDC3CF2F}"
EndProject
Global
	GlobalSection(SolutionConfigurationPlatforms) = preSolution
		Debug|Any CPU = Debug|Any CPU
		Release|Any CPU = Release|Any CPU
	EndGlobalSection
	GlobalSection(ProjectConfigurationPlatforms) = postSolution
		{CC60B91A-A67D-4B10-966D-0ED9BDC3CF2F}.Debug|Any CPU.ActiveCfg = Debug|Any CPU
		{CC60B91A-A67D-4B10-966D-0ED9BDC3CF2F}.Debug|Any CPU.Build.0 = Debug|Any CPU
		{CC60B91A-A67D-4B10-966D-0ED9BDC3CF2F}.Release|Any CPU.ActiveCfg = Release|Any CPU
		{CC60B91A-A67D-4B10-966D-0ED9BDC3CF2F}.Release|Any CPU.Build.0 = Release|Any CPU
	EndGlobalSection
	GlobalSection(SolutionProperties) = preSolution
		HideSolutionNode = FALSE
	EndGlobalSection
	GlobalSection(ExtensibilityGlobals) = postSolution
		SolutionGuid = {459E37B7-F467-4FF2-9C67-AE4D09DADF1A}
	EndGlobalSection
EndGlobal
